
Microsoft Visual Studio Solution File, Format Version 12.00
# Visual Studio Version 16
VisualStudioVersion = 16.0.30621.155
MinimumVisualStudioVersion = 10.0.40219.1
Project("{FAE04EC0-301F-11D3-BF4B-00C04F79EFBC}") = "ConsoleApp2", "ConsoleApp2\ConsoleApp2.csproj", "{45212900-0E16-4DDA-9BEB-073A30DD3034}"
EndProject
Global
	GlobalSection(SolutionConfigurationPlatforms) = preSolution
		Debug|Any CPU = Debug|Any CPU
		Release|Any CPU = Release|Any CPU
	EndGlobalSection
	GlobalSection(ProjectConfigurationPlatforms) = postSolution
		{45212900-0E16-4DDA-9BEB-073A30DD3034}.Debug|Any CPU.ActiveCfg = Debug|Any CPU
		{45212900-0E16-4DDA-9BEB-073A30DD3034}.Debug|Any CPU.Build.0 = Debug|Any CPU
		{45212900-0E16-4DDA-9BEB-073A30DD3034}.Release|Any CPU.ActiveCfg = Release|Any CPU
		{45212900-0E16-4DDA-9BEB-073A30DD3034}.Release|Any CPU.Build.0 = Release|Any CPU
	EndGlobalSection
	GlobalSection(SolutionProperties) = preSolution
		HideSolutionNode = FALSE
	EndGlobalSection
	GlobalSection(ExtensibilityGlobals) = postSolution
		SolutionGuid = {C368CFC2-F60A-4EB8-A79D-CA302AA05449}
	EndGlobalSection
EndGlobal
